
Microsoft Visual Studio Solution File, Format Version 12.00
# Visual Studio 15
VisualStudioVersion = 15.0.26228.4
MinimumVisualStudioVersion = 10.0.40219.1
Project("{FAE04EC0-301F-11D3-BF4B-00C04F79EFBC}") = "Toolbox", "Toolbox\Toolbox.csproj", "{3A37EFF2-742B-47F7-BCF0-60B7B2C0890C}"
EndProject
Project("{FAE04EC0-301F-11D3-BF4B-00C04F79EFBC}") = "ToolboxTests", "ToolboxTests\ToolboxTests.csproj", "{E8C75CB7-7640-44CA-BCE9-1008FD3C4A54}"
EndProject
Project("{FAE04EC0-301F-11D3-BF4B-00C04F79EFBC}") = "Toolbox.Oracle", "Toolbox.Oracle\Toolbox.Oracle.csproj", "{B2F8B211-98BB-4DCD-88EC-5F43E37B235D}"
EndProject
Project("{FAE04EC0-301F-11D3-BF4B-00C04F79EFBC}") = "ToolboxNUnitTests", "ToolboxNUnitTests\ToolboxNUnitTests.csproj", "{067456C0-086C-46A8-B37F-1405717B7BFC}"
EndProject
Global
	GlobalSection(SolutionConfigurationPlatforms) = preSolution
		Debug|Any CPU = Debug|Any CPU
		Release|Any CPU = Release|Any CPU
	EndGlobalSection
	GlobalSection(ProjectConfigurationPlatforms) = postSolution
		{3A37EFF2-742B-47F7-BCF0-60B7B2C0890C}.Debug|Any CPU.ActiveCfg = Debug|Any CPU
		{3A37EFF2-742B-47F7-BCF0-60B7B2C0890C}.Debug|Any CPU.Build.0 = Debug|Any CPU
		{3A37EFF2-742B-47F7-BCF0-60B7B2C0890C}.Release|Any CPU.ActiveCfg = Release|Any CPU
		{3A37EFF2-742B-47F7-BCF0-60B7B2C0890C}.Release|Any CPU.Build.0 = Release|Any CPU
		{E8C75CB7-7640-44CA-BCE9-1008FD3C4A54}.Debug|Any CPU.ActiveCfg = Debug|Any CPU
		{E8C75CB7-7640-44CA-BCE9-1008FD3C4A54}.Debug|Any CPU.Build.0 = Debug|Any CPU
		{E8C75CB7-7640-44CA-BCE9-1008FD3C4A54}.Release|Any CPU.ActiveCfg = Release|Any CPU
		{E8C75CB7-7640-44CA-BCE9-1008FD3C4A54}.Release|Any CPU.Build.0 = Release|Any CPU
		{B2F8B211-98BB-4DCD-88EC-5F43E37B235D}.Debug|Any CPU.ActiveCfg = Debug|Any CPU
		{B2F8B211-98BB-4DCD-88EC-5F43E37B235D}.Debug|Any CPU.Build.0 = Debug|Any CPU
		{B2F8B211-98BB-4DCD-88EC-5F43E37B235D}.Release|Any CPU.ActiveCfg = Release|Any CPU
		{B2F8B211-98BB-4DCD-88EC-5F43E37B235D}.Release|Any CPU.Build.0 = Release|Any CPU
		{067456C0-086C-46A8-B37F-1405717B7BFC}.Debug|Any CPU.ActiveCfg = Debug|Any CPU
		{067456C0-086C-46A8-B37F-1405717B7BFC}.Debug|Any CPU.Build.0 = Debug|Any CPU
		{067456C0-086C-46A8-B37F-1405717B7BFC}.Release|Any CPU.ActiveCfg = Release|Any CPU
		{067456C0-086C-46A8-B37F-1405717B7BFC}.Release|Any CPU.Build.0 = Release|Any CPU
	EndGlobalSection
	GlobalSection(SolutionProperties) = preSolution
		HideSolutionNode = FALSE
	EndGlobalSection
EndGlobal
